
Microsoft Visual Studio Solution File, Format Version 12.00
# Visual Studio 15
Project("{FAE04EC0-301F-11D3-BF4B-00C04F79EFBC}") = "Assembly-CSharp", "Assembly-CSharp.csproj", "{9F66954B-A730-8CFA-5C94-52B99D1C217B}"
EndProject
Global
	GlobalSection(SolutionConfigurationPlatforms) = preSolution
		Debug|Any CPU = Debug|Any CPU
		Release|Any CPU = Release|Any CPU
	EndGlobalSection
	GlobalSection(ProjectConfigurationPlatforms) = postSolution
		{9F66954B-A730-8CFA-5C94-52B99D1C217B}.Debug|Any CPU.ActiveCfg = Debug|Any CPU
		{9F66954B-A730-8CFA-5C94-52B99D1C217B}.Debug|Any CPU.Build.0 = Debug|Any CPU
		{9F66954B-A730-8CFA-5C94-52B99D1C217B}.Release|Any CPU.ActiveCfg = Release|Any CPU
		{9F66954B-A730-8CFA-5C94-52B99D1C217B}.Release|Any CPU.Build.0 = Release|Any CPU
	EndGlobalSection
	GlobalSection(SolutionProperties) = preSolution
		HideSolutionNode = FALSE
	EndGlobalSection
EndGlobal
